
Microsoft Visual Studio Solution File, Format Version 12.00
# Visual Studio 2013
VisualStudioVersion = 12.0.30110.0
MinimumVisualStudioVersion = 10.0.40219.1
Project("{F184B08F-C81C-45F6-A57F-5ABD9991F28F}") = "BalloonSystem", "BalloonSystem\BalloonSystem.vbproj", "{2A4BE495-57CE-416F-A127-FBE7A67F37AF}"
	ProjectSection(ProjectDependencies) = postProject
		{C440B5B5-C474-4106-B0AA-8DA90A9A5100} = {C440B5B5-C474-4106-B0AA-8DA90A9A5100}
		{A2C3D3C4-2394-45A7-97EC-A4543CFC35C4} = {A2C3D3C4-2394-45A7-97EC-A4543CFC35C4}
	EndProjectSection
EndProject
Project("{FAE04EC0-301F-11D3-BF4B-00C04F79EFBC}") = "TcpServerLibrary", "TcpServerLibrary\TcpServerLibrary.csproj", "{C440B5B5-C474-4106-B0AA-8DA90A9A5100}"
EndProject
Project("{F184B08F-C81C-45F6-A57F-5ABD9991F28F}") = "NmeaAnalyzeLibrary", "NmeaAnalyzeLibrary\NmeaAnalyzeLibrary.vbproj", "{A2C3D3C4-2394-45A7-97EC-A4543CFC35C4}"
EndProject
Global
	GlobalSection(SolutionConfigurationPlatforms) = preSolution
		Debug|Any CPU = Debug|Any CPU
		Release|Any CPU = Release|Any CPU
	EndGlobalSection
	GlobalSection(ProjectConfigurationPlatforms) = postSolution
		{2A4BE495-57CE-416F-A127-FBE7A67F37AF}.Debug|Any CPU.ActiveCfg = Debug|Any CPU
		{2A4BE495-57CE-416F-A127-FBE7A67F37AF}.Debug|Any CPU.Build.0 = Debug|Any CPU
		{2A4BE495-57CE-416F-A127-FBE7A67F37AF}.Release|Any CPU.ActiveCfg = Release|Any CPU
		{2A4BE495-57CE-416F-A127-FBE7A67F37AF}.Release|Any CPU.Build.0 = Release|Any CPU
		{C440B5B5-C474-4106-B0AA-8DA90A9A5100}.Debug|Any CPU.ActiveCfg = Debug|Any CPU
		{C440B5B5-C474-4106-B0AA-8DA90A9A5100}.Debug|Any CPU.Build.0 = Debug|Any CPU
		{C440B5B5-C474-4106-B0AA-8DA90A9A5100}.Release|Any CPU.ActiveCfg = Release|Any CPU
		{C440B5B5-C474-4106-B0AA-8DA90A9A5100}.Release|Any CPU.Build.0 = Release|Any CPU
		{A2C3D3C4-2394-45A7-97EC-A4543CFC35C4}.Debug|Any CPU.ActiveCfg = Debug|Any CPU
		{A2C3D3C4-2394-45A7-97EC-A4543CFC35C4}.Debug|Any CPU.Build.0 = Debug|Any CPU
		{A2C3D3C4-2394-45A7-97EC-A4543CFC35C4}.Release|Any CPU.ActiveCfg = Release|Any CPU
		{A2C3D3C4-2394-45A7-97EC-A4543CFC35C4}.Release|Any CPU.Build.0 = Release|Any CPU
	EndGlobalSection
	GlobalSection(SolutionProperties) = preSolution
		HideSolutionNode = FALSE
	EndGlobalSection
EndGlobal
